
Microsoft Visual Studio Solution File, Format Version 12.00
# Visual Studio Version 17
VisualStudioVersion = 17.0.32112.339
MinimumVisualStudioVersion = 10.0.40219.1
Project("{2150E333-8FDC-42A3-9474-1A3956D46DE8}") = "src", "src", "{13562F94-0273-4055-985F-8F7896BCD5AD}"
EndProject
Project("{2150E333-8FDC-42A3-9474-1A3956D46DE8}") = "Services", "Services", "{F86D23AD-93DD-4B49-80F5-D2B51AEEF97D}"
EndProject
Project("{2150E333-8FDC-42A3-9474-1A3956D46DE8}") = "ContactService", "ContactService", "{80C99A3C-ACFD-478B-902C-4056211B35CA}"
EndProject
Project("{9A19103F-16F7-4668-BE54-9A1E7A4F7556}") = "Contact.Domain", "Contact.Domain\Contact.Domain.csproj", "{D6274CAA-EE62-4573-A32B-A07FEB649FCD}"
EndProject
Project("{9A19103F-16F7-4668-BE54-9A1E7A4F7556}") = "Contact.Application", "Contact.Application\Contact.Application.csproj", "{E1CD685F-4B6D-447F-9A3C-684B2123F65E}"
EndProject
Project("{9A19103F-16F7-4668-BE54-9A1E7A4F7556}") = "Contact.Infrastructure", "Contact.Infrastructure\Contact.Infrastructure.csproj", "{C3394E49-4586-4155-9467-79100364D27E}"
EndProject
Project("{9A19103F-16F7-4668-BE54-9A1E7A4F7556}") = "Contact.Api", "Contact.Api\Contact.Api.csproj", "{529E352B-D860-438A-9A56-DBD09098FCA8}"
EndProject
Project("{2150E333-8FDC-42A3-9474-1A3956D46DE8}") = "RaporService", "RaporService", "{C2E89494-45EE-4E66-9D57-94428AD39EBA}"
EndProject
Project("{9A19103F-16F7-4668-BE54-9A1E7A4F7556}") = "RaporConsumer", "RaporConsumer\RaporConsumer.csproj", "{12A5782C-0EDC-4B78-92AC-210C9746C771}"
EndProject
Project("{2150E333-8FDC-42A3-9474-1A3956D46DE8}") = "BuildingBlocks", "BuildingBlocks", "{71F4B3EC-733D-4000-BD5B-0DCCDA13B3B1}"
EndProject
Project("{9A19103F-16F7-4668-BE54-9A1E7A4F7556}") = "EventBus.Messages", "EventBus.Messages\EventBus.Messages.csproj", "{DA78149F-7390-4D95-9EFB-7BF2453C25C6}"
EndProject
Project("{2150E333-8FDC-42A3-9474-1A3956D46DE8}") = "Tests", "Tests", "{8730141F-0564-4A7A-ACCC-3A5BE9FADEB4}"
EndProject
Project("{2150E333-8FDC-42A3-9474-1A3956D46DE8}") = "BuildingBlocks", "BuildingBlocks", "{022491D8-3146-4566-AD6C-11BA1C561BC8}"
EndProject
Project("{2150E333-8FDC-42A3-9474-1A3956D46DE8}") = "Rapor", "Rapor", "{8B8CB8F2-C40E-4900-9CB3-B5F6450E0485}"
EndProject
Project("{2150E333-8FDC-42A3-9474-1A3956D46DE8}") = "Kisi", "Kisi", "{DF84FD35-4D4F-4F45-8605-5A5EB12F8519}"
EndProject
Project("{FAE04EC0-301F-11D3-BF4B-00C04F79EFBC}") = "Kisiler.UnitTest", "Tests\Kisi\Kisi.UnitTest\Kisiler.UnitTest.csproj", "{24C9037B-693B-4B95-98F9-A9DB3FFA5E95}"
EndProject
Global
	GlobalSection(SolutionConfigurationPlatforms) = preSolution
		Debug|Any CPU = Debug|Any CPU
		Release|Any CPU = Release|Any CPU
	EndGlobalSection
	GlobalSection(ProjectConfigurationPlatforms) = postSolution
		{D6274CAA-EE62-4573-A32B-A07FEB649FCD}.Debug|Any CPU.ActiveCfg = Debug|Any CPU
		{D6274CAA-EE62-4573-A32B-A07FEB649FCD}.Debug|Any CPU.Build.0 = Debug|Any CPU
		{D6274CAA-EE62-4573-A32B-A07FEB649FCD}.Release|Any CPU.ActiveCfg = Release|Any CPU
		{D6274CAA-EE62-4573-A32B-A07FEB649FCD}.Release|Any CPU.Build.0 = Release|Any CPU
		{E1CD685F-4B6D-447F-9A3C-684B2123F65E}.Debug|Any CPU.ActiveCfg = Debug|Any CPU
		{E1CD685F-4B6D-447F-9A3C-684B2123F65E}.Debug|Any CPU.Build.0 = Debug|Any CPU
		{E1CD685F-4B6D-447F-9A3C-684B2123F65E}.Release|Any CPU.ActiveCfg = Release|Any CPU
		{E1CD685F-4B6D-447F-9A3C-684B2123F65E}.Release|Any CPU.Build.0 = Release|Any CPU
		{C3394E49-4586-4155-9467-79100364D27E}.Debug|Any CPU.ActiveCfg = Debug|Any CPU
		{C3394E49-4586-4155-9467-79100364D27E}.Debug|Any CPU.Build.0 = Debug|Any CPU
		{C3394E49-4586-4155-9467-79100364D27E}.Release|Any CPU.ActiveCfg = Release|Any CPU
		{C3394E49-4586-4155-9467-79100364D27E}.Release|Any CPU.Build.0 = Release|Any CPU
		{529E352B-D860-438A-9A56-DBD09098FCA8}.Debug|Any CPU.ActiveCfg = Debug|Any CPU
		{529E352B-D860-438A-9A56-DBD09098FCA8}.Debug|Any CPU.Build.0 = Debug|Any CPU
		{529E352B-D860-438A-9A56-DBD09098FCA8}.Release|Any CPU.ActiveCfg = Release|Any CPU
		{529E352B-D860-438A-9A56-DBD09098FCA8}.Release|Any CPU.Build.0 = Release|Any CPU
		{12A5782C-0EDC-4B78-92AC-210C9746C771}.Debug|Any CPU.ActiveCfg = Debug|Any CPU
		{12A5782C-0EDC-4B78-92AC-210C9746C771}.Debug|Any CPU.Build.0 = Debug|Any CPU
		{12A5782C-0EDC-4B78-92AC-210C9746C771}.Release|Any CPU.ActiveCfg = Release|Any CPU
		{12A5782C-0EDC-4B78-92AC-210C9746C771}.Release|Any CPU.Build.0 = Release|Any CPU
		{DA78149F-7390-4D95-9EFB-7BF2453C25C6}.Debug|Any CPU.ActiveCfg = Debug|Any CPU
		{DA78149F-7390-4D95-9EFB-7BF2453C25C6}.Debug|Any CPU.Build.0 = Debug|Any CPU
		{DA78149F-7390-4D95-9EFB-7BF2453C25C6}.Release|Any CPU.ActiveCfg = Release|Any CPU
		{DA78149F-7390-4D95-9EFB-7BF2453C25C6}.Release|Any CPU.Build.0 = Release|Any CPU
		{24C9037B-693B-4B95-98F9-A9DB3FFA5E95}.Debug|Any CPU.ActiveCfg = Debug|Any CPU
		{24C9037B-693B-4B95-98F9-A9DB3FFA5E95}.Debug|Any CPU.Build.0 = Debug|Any CPU
		{24C9037B-693B-4B95-98F9-A9DB3FFA5E95}.Release|Any CPU.ActiveCfg = Release|Any CPU
		{24C9037B-693B-4B95-98F9-A9DB3FFA5E95}.Release|Any CPU.Build.0 = Release|Any CPU
	EndGlobalSection
	GlobalSection(SolutionProperties) = preSolution
		HideSolutionNode = FALSE
	EndGlobalSection
	GlobalSection(NestedProjects) = preSolution
		{F86D23AD-93DD-4B49-80F5-D2B51AEEF97D} = {13562F94-0273-4055-985F-8F7896BCD5AD}
		{80C99A3C-ACFD-478B-902C-4056211B35CA} = {F86D23AD-93DD-4B49-80F5-D2B51AEEF97D}
		{D6274CAA-EE62-4573-A32B-A07FEB649FCD} = {80C99A3C-ACFD-478B-902C-4056211B35CA}
		{E1CD685F-4B6D-447F-9A3C-684B2123F65E} = {80C99A3C-ACFD-478B-902C-4056211B35CA}
		{C3394E49-4586-4155-9467-79100364D27E} = {80C99A3C-ACFD-478B-902C-4056211B35CA}
		{529E352B-D860-438A-9A56-DBD09098FCA8} = {80C99A3C-ACFD-478B-902C-4056211B35CA}
		{C2E89494-45EE-4E66-9D57-94428AD39EBA} = {F86D23AD-93DD-4B49-80F5-D2B51AEEF97D}
		{12A5782C-0EDC-4B78-92AC-210C9746C771} = {C2E89494-45EE-4E66-9D57-94428AD39EBA}
		{71F4B3EC-733D-4000-BD5B-0DCCDA13B3B1} = {13562F94-0273-4055-985F-8F7896BCD5AD}
		{DA78149F-7390-4D95-9EFB-7BF2453C25C6} = {71F4B3EC-733D-4000-BD5B-0DCCDA13B3B1}
		{022491D8-3146-4566-AD6C-11BA1C561BC8} = {8730141F-0564-4A7A-ACCC-3A5BE9FADEB4}
		{8B8CB8F2-C40E-4900-9CB3-B5F6450E0485} = {8730141F-0564-4A7A-ACCC-3A5BE9FADEB4}
		{DF84FD35-4D4F-4F45-8605-5A5EB12F8519} = {8730141F-0564-4A7A-ACCC-3A5BE9FADEB4}
		{24C9037B-693B-4B95-98F9-A9DB3FFA5E95} = {DF84FD35-4D4F-4F45-8605-5A5EB12F8519}
	EndGlobalSection
	GlobalSection(ExtensibilityGlobals) = postSolution
		SolutionGuid = {666BEB39-BA0C-4577-A183-44596576C94F}
	EndGlobalSection
EndGlobal
